{
  "version": 4,
  "terraform_version": "1.8.4",
  "serial": 12,
  "lineage": "37442ffb-5054-3344-9b69-560eaf03b3ba",
  "outputs": {
    "lamp_server_url": {
      "value": "http://44.197.195.65:80",
      "type": "string"
    },
    "ssh_lamp_server_command": {
      "value": "ssh -i lamp_key_pair.pem ec2-user@ec2-44-197-195-65.compute-1.amazonaws.com",
      "type": "string"
    }
  },
  "resources": [
    {
      "mode": "data",
      "type": "aws_ami",
      "name": "amazon_linux_2",
      "provider": "provider[\"registry.terraform.io/hashicorp/aws\"]",
      "instances": [
        {
          "schema_version": 0,
          "attributes": {
            "architecture": "x86_64",
            "arn": "arn:aws:ec2:us-east-1::image/ami-0f96c63e39f9144bc",
            "block_device_mappings": [
              {
                "device_name": "/dev/xvda",
                "ebs": {
                  "delete_on_termination": "true",
                  "encrypted": "false",
                  "iops": "0",
                  "snapshot_id": "snap-0d71ec70b1fedae5a",
                  "throughput": "0",
                  "volume_size": "8",
                  "volume_type": "gp2"
                },
                "no_device": "",
                "virtual_name": ""
              }
            ],
            "boot_mode": "",
            "creation_date": "2024-07-10T02:09:15.000Z",
            "deprecation_time": "2025-07-01T00:00:00.000Z",
            "description": "Amazon Linux 2 AMI 2.0.20240709.1 x86_64 HVM gp2",
            "ena_support": true,
            "executable_users": null,
            "filter": [
              {
                "name": "name",
                "values": [
                  "amzn2-ami-hvm*"
                ]
              },
              {
                "name": "owner-alias",
                "values": [
                  "amazon"
                ]
              }
            ],
            "hypervisor": "xen",
            "id": "ami-0f96c63e39f9144bc",
            "image_id": "ami-0f96c63e39f9144bc",
            "image_location": "amazon/amzn2-ami-hvm-2.0.20240709.1-x86_64-gp2",
            "image_owner_alias": "amazon",
            "image_type": "machine",
            "imds_support": "",
            "include_deprecated": false,
            "kernel_id": "",
            "most_recent": true,
            "name": "amzn2-ami-hvm-2.0.20240709.1-x86_64-gp2",
            "name_regex": null,
            "owner_id": "137112412989",
            "owners": [
              "amazon"
            ],
            "platform": "",
            "platform_details": "Linux/UNIX",
            "product_codes": [],
            "public": true,
            "ramdisk_id": "",
            "root_device_name": "/dev/xvda",
            "root_device_type": "ebs",
            "root_snapshot_id": "snap-0d71ec70b1fedae5a",
            "sriov_net_support": "simple",
            "state": "available",
            "state_reason": {
              "code": "UNSET",
              "message": "UNSET"
            },
            "tags": {},
            "timeouts": null,
            "tpm_support": "",
            "usage_operation": "RunInstances",
            "virtualization_type": "hvm"
          },
          "sensitive_attributes": []
        }
      ]
    },
    {
      "mode": "managed",
      "type": "aws_instance",
      "name": "lamp_server",
      "provider": "provider[\"registry.terraform.io/hashicorp/aws\"]",
      "instances": [
        {
          "schema_version": 1,
          "attributes": {
            "ami": "ami-0f96c63e39f9144bc",
            "arn": "arn:aws:ec2:us-east-1:211125520094:instance/i-0537a92bf3b62d24d",
            "associate_public_ip_address": true,
            "availability_zone": "us-east-1f",
            "capacity_reservation_specification": [
              {
                "capacity_reservation_preference": "open",
                "capacity_reservation_target": []
              }
            ],
            "cpu_core_count": 1,
            "cpu_options": [
              {
                "amd_sev_snp": "",
                "core_count": 1,
                "threads_per_core": 1
              }
            ],
            "cpu_threads_per_core": 1,
            "credit_specification": [
              {
                "cpu_credits": "standard"
              }
            ],
            "disable_api_stop": false,
            "disable_api_termination": false,
            "ebs_block_device": [],
            "ebs_optimized": false,
            "enclave_options": [
              {
                "enabled": false
              }
            ],
            "ephemeral_block_device": [],
            "get_password_data": false,
            "hibernation": false,
            "host_id": "",
            "host_resource_group_arn": null,
            "iam_instance_profile": "",
            "id": "i-0537a92bf3b62d24d",
            "instance_initiated_shutdown_behavior": "stop",
            "instance_lifecycle": "",
            "instance_market_options": [],
            "instance_state": "running",
            "instance_type": "t2.micro",
            "ipv6_address_count": 0,
            "ipv6_addresses": [],
            "key_name": "lamp_key_pair",
            "launch_template": [],
            "maintenance_options": [
              {
                "auto_recovery": "default"
              }
            ],
            "metadata_options": [
              {
                "http_endpoint": "enabled",
                "http_protocol_ipv6": "disabled",
                "http_put_response_hop_limit": 1,
                "http_tokens": "optional",
                "instance_metadata_tags": "disabled"
              }
            ],
            "monitoring": false,
            "network_interface": [],
            "outpost_arn": "",
            "password_data": "",
            "placement_group": "",
            "placement_partition_number": 0,
            "primary_network_interface_id": "eni-0551424739cfc48c1",
            "private_dns": "ip-10-0-1-165.ec2.internal",
            "private_dns_name_options": [
              {
                "enable_resource_name_dns_a_record": false,
                "enable_resource_name_dns_aaaa_record": false,
                "hostname_type": "ip-name"
              }
            ],
            "private_ip": "10.0.1.165",
            "public_dns": "ec2-44-197-195-65.compute-1.amazonaws.com",
            "public_ip": "44.197.195.65",
            "root_block_device": [
              {
                "delete_on_termination": true,
                "device_name": "/dev/xvda",
                "encrypted": false,
                "iops": 100,
                "kms_key_id": "",
                "tags": {},
                "tags_all": {},
                "throughput": 0,
                "volume_id": "vol-07f459f0f7d257d3c",
                "volume_size": 8,
                "volume_type": "gp2"
              }
            ],
            "secondary_private_ips": [],
            "security_groups": [],
            "source_dest_check": true,
            "spot_instance_request_id": "",
            "subnet_id": "subnet-08e377a64de42849a",
            "tags": {
              "Environment": "dev",
              "Name": "Lamp stack"
            },
            "tags_all": {
              "Environment": "dev",
              "Name": "Lamp stack"
            },
            "tenancy": "default",
            "timeouts": null,
            "user_data": "3f936c6af602b7e1aef1ba5d2ce75403beb0c223",
            "user_data_base64": null,
            "user_data_replace_on_change": false,
            "volume_tags": null,
            "vpc_security_group_ids": [
              "sg-0c775c23a9bd768dc"
            ]
          },
          "sensitive_attributes": [],
          "private": "eyJlMmJmYjczMC1lY2FhLTExZTYtOGY4OC0zNDM2M2JjN2M0YzAiOnsiY3JlYXRlIjo2MDAwMDAwMDAwMDAsImRlbGV0ZSI6MTIwMDAwMDAwMDAwMCwicmVhZCI6OTAwMDAwMDAwMDAwLCJ1cGRhdGUiOjYwMDAwMDAwMDAwMH0sInNjaGVtYV92ZXJzaW9uIjoiMSJ9",
          "dependencies": [
            "aws_key_pair.lamp_key",
            "aws_security_group.lamp-sg",
            "aws_subnet.lamp-subnet",
            "aws_vpc.lamp-vpc",
            "data.aws_ami.amazon_linux_2",
            "tls_private_key.lamp_key"
          ]
        }
      ]
    },
    {
      "mode": "managed",
      "type": "aws_internet_gateway",
      "name": "igw",
      "provider": "provider[\"registry.terraform.io/hashicorp/aws\"]",
      "instances": [
        {
          "schema_version": 0,
          "attributes": {
            "arn": "arn:aws:ec2:us-east-1:211125520094:internet-gateway/igw-0f0213ed0265b77e6",
            "id": "igw-0f0213ed0265b77e6",
            "owner_id": "211125520094",
            "tags": {
              "Name": "Lamp IGW"
            },
            "tags_all": {
              "Name": "Lamp IGW"
            },
            "timeouts": null,
            "vpc_id": "vpc-02c98b238abd8c57f"
          },
          "sensitive_attributes": [],
          "private": "eyJlMmJmYjczMC1lY2FhLTExZTYtOGY4OC0zNDM2M2JjN2M0YzAiOnsiY3JlYXRlIjoxMjAwMDAwMDAwMDAwLCJkZWxldGUiOjEyMDAwMDAwMDAwMDAsInVwZGF0ZSI6MTIwMDAwMDAwMDAwMH19",
          "dependencies": [
            "aws_vpc.lamp-vpc"
          ]
        }
      ]
    },
    {
      "mode": "managed",
      "type": "aws_key_pair",
      "name": "lamp_key",
      "provider": "provider[\"registry.terraform.io/hashicorp/aws\"]",
      "instances": [
        {
          "schema_version": 1,
          "attributes": {
            "arn": "arn:aws:ec2:us-east-1:211125520094:key-pair/lamp_key_pair",
            "fingerprint": "01:4d:db:32:f3:2c:d5:85:08:26:8a:a0:2c:55:a3:c6",
            "id": "lamp_key_pair",
            "key_name": "lamp_key_pair",
            "key_name_prefix": "",
            "key_pair_id": "key-0a9d9f68a0ea3d3b8",
            "key_type": "rsa",
            "public_key": "ssh-rsa AAAAB3NzaC1yc2EAAAADAQABAAABAQDMvGvJvhq77KlCuz+qIxwVHUi81LcTUObXlDxMmUZG8ECV+Njc7/xTW+cr1BLdvdhFKHv5LUoAJextUyN5sBRihBVWT5nTkixZcVeTNf7+VmXlsSxy6lPKVoRZ2pCybfzAZjNTgzvIDRUnWddxenDnWayVznl9bRRd/Dm42/zObdI4awdvlrSXwDxk398HFAq9sPF+r87l7hUvORwy7ABdoT2LS4v3+BksPlkGtebIaFXOGlAcY7ZTFa6Rz4VcMHuq83yjLNkAj8qVPkTBfQCh1gZMt9Iy4FjeWMIiVn2NBLJMIVXQQ01G8jy9CBl+mHUKGjRwPrqlZMwHzinQ1uWJ",
            "tags": null,
            "tags_all": {}
          },
          "sensitive_attributes": [],
          "private": "eyJzY2hlbWFfdmVyc2lvbiI6IjEifQ==",
          "dependencies": [
            "tls_private_key.lamp_key"
          ]
        }
      ]
    },
    {
      "mode": "managed",
      "type": "aws_route_table",
      "name": "web-rt",
      "provider": "provider[\"registry.terraform.io/hashicorp/aws\"]",
      "instances": [
        {
          "schema_version": 0,
          "attributes": {
            "arn": "arn:aws:ec2:us-east-1:211125520094:route-table/rtb-051e0ac3da0a37ed8",
            "id": "rtb-051e0ac3da0a37ed8",
            "owner_id": "211125520094",
            "propagating_vgws": [],
            "route": [
              {
                "carrier_gateway_id": "",
                "cidr_block": "0.0.0.0/0",
                "core_network_arn": "",
                "destination_prefix_list_id": "",
                "egress_only_gateway_id": "",
                "gateway_id": "igw-0f0213ed0265b77e6",
                "ipv6_cidr_block": "",
                "local_gateway_id": "",
                "nat_gateway_id": "",
                "network_interface_id": "",
                "transit_gateway_id": "",
                "vpc_endpoint_id": "",
                "vpc_peering_connection_id": ""
              }
            ],
            "tags": {
              "Name": "lamp WebRT"
            },
            "tags_all": {
              "Name": "lamp WebRT"
            },
            "timeouts": null,
            "vpc_id": "vpc-02c98b238abd8c57f"
          },
          "sensitive_attributes": [],
          "private": "eyJlMmJmYjczMC1lY2FhLTExZTYtOGY4OC0zNDM2M2JjN2M0YzAiOnsiY3JlYXRlIjozMDAwMDAwMDAwMDAsImRlbGV0ZSI6MzAwMDAwMDAwMDAwLCJ1cGRhdGUiOjEyMDAwMDAwMDAwMH19",
          "dependencies": [
            "aws_internet_gateway.igw",
            "aws_vpc.lamp-vpc"
          ]
        }
      ]
    },
    {
      "mode": "managed",
      "type": "aws_route_table_association",
      "name": "a",
      "provider": "provider[\"registry.terraform.io/hashicorp/aws\"]",
      "instances": [
        {
          "schema_version": 0,
          "attributes": {
            "gateway_id": "",
            "id": "rtbassoc-0723c512de13bbb69",
            "route_table_id": "rtb-051e0ac3da0a37ed8",
            "subnet_id": "subnet-08e377a64de42849a",
            "timeouts": null
          },
          "sensitive_attributes": [],
          "private": "eyJlMmJmYjczMC1lY2FhLTExZTYtOGY4OC0zNDM2M2JjN2M0YzAiOnsiY3JlYXRlIjozMDAwMDAwMDAwMDAsImRlbGV0ZSI6MzAwMDAwMDAwMDAwLCJ1cGRhdGUiOjEyMDAwMDAwMDAwMH19",
          "dependencies": [
            "aws_internet_gateway.igw",
            "aws_route_table.web-rt",
            "aws_subnet.lamp-subnet",
            "aws_vpc.lamp-vpc"
          ]
        }
      ]
    },
    {
      "mode": "managed",
      "type": "aws_security_group",
      "name": "lamp-sg",
      "provider": "provider[\"registry.terraform.io/hashicorp/aws\"]",
      "instances": [
        {
          "schema_version": 1,
          "attributes": {
            "arn": "arn:aws:ec2:us-east-1:211125520094:security-group/sg-0c775c23a9bd768dc",
            "description": "Allow ssh inbound traffic",
            "egress": [
              {
                "cidr_blocks": [
                  "0.0.0.0/0"
                ],
                "description": "",
                "from_port": 0,
                "ipv6_cidr_blocks": [],
                "prefix_list_ids": [],
                "protocol": "-1",
                "security_groups": [],
                "self": false,
                "to_port": 0
              }
            ],
            "id": "sg-0c775c23a9bd768dc",
            "ingress": [
              {
                "cidr_blocks": [
                  "0.0.0.0/0"
                ],
                "description": "http port",
                "from_port": 80,
                "ipv6_cidr_blocks": [],
                "prefix_list_ids": [],
                "protocol": "tcp",
                "security_groups": [],
                "self": false,
                "to_port": 80
              },
              {
                "cidr_blocks": [
                  "0.0.0.0/0"
                ],
                "description": "ssh from VPC",
                "from_port": 22,
                "ipv6_cidr_blocks": [],
                "prefix_list_ids": [],
                "protocol": "tcp",
                "security_groups": [],
                "self": false,
                "to_port": 22
              }
            ],
            "name": "Lamp security group",
            "name_prefix": "",
            "owner_id": "211125520094",
            "revoke_rules_on_delete": false,
            "tags": {
              "Name": "Lamp-SG"
            },
            "tags_all": {
              "Name": "Lamp-SG"
            },
            "timeouts": null,
            "vpc_id": "vpc-02c98b238abd8c57f"
          },
          "sensitive_attributes": [],
          "private": "eyJlMmJmYjczMC1lY2FhLTExZTYtOGY4OC0zNDM2M2JjN2M0YzAiOnsiY3JlYXRlIjo2MDAwMDAwMDAwMDAsImRlbGV0ZSI6OTAwMDAwMDAwMDAwfSwic2NoZW1hX3ZlcnNpb24iOiIxIn0=",
          "dependencies": [
            "aws_vpc.lamp-vpc"
          ]
        }
      ]
    },
    {
      "mode": "managed",
      "type": "aws_subnet",
      "name": "lamp-subnet",
      "provider": "provider[\"registry.terraform.io/hashicorp/aws\"]",
      "instances": [
        {
          "schema_version": 1,
          "attributes": {
            "arn": "arn:aws:ec2:us-east-1:211125520094:subnet/subnet-08e377a64de42849a",
            "assign_ipv6_address_on_creation": false,
            "availability_zone": "us-east-1f",
            "availability_zone_id": "use1-az5",
            "cidr_block": "10.0.1.0/24",
            "customer_owned_ipv4_pool": "",
            "enable_dns64": false,
            "enable_lni_at_device_index": 0,
            "enable_resource_name_dns_a_record_on_launch": false,
            "enable_resource_name_dns_aaaa_record_on_launch": false,
            "id": "subnet-08e377a64de42849a",
            "ipv6_cidr_block": "",
            "ipv6_cidr_block_association_id": "",
            "ipv6_native": false,
            "map_customer_owned_ip_on_launch": false,
            "map_public_ip_on_launch": true,
            "outpost_arn": "",
            "owner_id": "211125520094",
            "private_dns_hostname_type_on_launch": "ip-name",
            "tags": {
              "Name": "lamp-subnet"
            },
            "tags_all": {
              "Name": "lamp-subnet"
            },
            "timeouts": null,
            "vpc_id": "vpc-02c98b238abd8c57f"
          },
          "sensitive_attributes": [],
          "private": "eyJlMmJmYjczMC1lY2FhLTExZTYtOGY4OC0zNDM2M2JjN2M0YzAiOnsiY3JlYXRlIjo2MDAwMDAwMDAwMDAsImRlbGV0ZSI6MTIwMDAwMDAwMDAwMH0sInNjaGVtYV92ZXJzaW9uIjoiMSJ9",
          "dependencies": [
            "aws_vpc.lamp-vpc"
          ]
        }
      ]
    },
    {
      "mode": "managed",
      "type": "aws_vpc",
      "name": "lamp-vpc",
      "provider": "provider[\"registry.terraform.io/hashicorp/aws\"]",
      "instances": [
        {
          "schema_version": 1,
          "attributes": {
            "arn": "arn:aws:ec2:us-east-1:211125520094:vpc/vpc-02c98b238abd8c57f",
            "assign_generated_ipv6_cidr_block": false,
            "cidr_block": "10.0.0.0/16",
            "default_network_acl_id": "acl-074222f02531d6190",
            "default_route_table_id": "rtb-0625364156196a68c",
            "default_security_group_id": "sg-0c6bc90001c918f6d",
            "dhcp_options_id": "dopt-0c32fb2ec2c981fee",
            "enable_dns_hostnames": true,
            "enable_dns_support": true,
            "enable_network_address_usage_metrics": false,
            "id": "vpc-02c98b238abd8c57f",
            "instance_tenancy": "default",
            "ipv4_ipam_pool_id": null,
            "ipv4_netmask_length": null,
            "ipv6_association_id": "",
            "ipv6_cidr_block": "",
            "ipv6_cidr_block_network_border_group": "",
            "ipv6_ipam_pool_id": "",
            "ipv6_netmask_length": 0,
            "main_route_table_id": "rtb-0625364156196a68c",
            "owner_id": "211125520094",
            "tags": {
              "Name": "Lamp VPC"
            },
            "tags_all": {
              "Name": "Lamp VPC"
            }
          },
          "sensitive_attributes": [],
          "private": "eyJzY2hlbWFfdmVyc2lvbiI6IjEifQ=="
        }
      ]
    },
    {
      "mode": "managed",
      "type": "local_file",
      "name": "ssh_key",
      "provider": "provider[\"registry.terraform.io/hashicorp/local\"]",
      "instances": [
        {
          "schema_version": 0,
          "attributes": {
            "content": "-----BEGIN RSA PRIVATE KEY-----\nMIIEowIBAAKCAQEAzLxryb4au+ypQrs/qiMcFR1IvNS3E1Dm15Q8TJlGRvBAlfjY\n3O/8U1vnK9QS3b3YRSh7+S1KACXsbVMjebAUYoQVVk+Z05IsWXFXkzX+/lZl5bEs\ncupTylaEWdqQsm38wGYzU4M7yA0VJ1nXcXpw51mslc55fW0UXfw5uNv8zm3SOGsH\nb5a0l8A8ZN/fBxQKvbDxfq/O5e4VLzkcMuwAXaE9i0uL9/gZLD5ZBrXmyGhVzhpQ\nHGO2UxWukc+FXDB7qvN8oyzZAI/KlT5EwX0AodYGTLfSMuBY3ljCIlZ9jQSyTCFV\n0ENNRvI8vQgZfph1Cho0cD66pWTMB84p0NbliQIDAQABAoIBAD3TnL1UsmATzN2B\nDG3FooJh0IhtuEeWA9AQTNFY7BcaEHb5qgu2UT2fIEVlCrl5zii8XAvYeGNpEGfH\nVow190H03zisWyjAGLJ9/tNO2A1Ya/ccNO8TAnC1BczYqx+nBU/YzSEoHVKBWOUE\nRYJYVmYW935Z1uhgm2jydT/09vgjOVunJ6XeX/79GEjSG3Vp+1RunRLvrmlYXe/q\nq43EA81LZjqnz3UV/CsT9XP/dwIt2G0xMSWzhCTyt9eoEEwkMUNoUbOg5dHnE4PH\nuwH6eeNW+pMzKg5HTGRgznqlWuGA8jV0nCIeMg9SzutSIHwP6x1grqi/02pTsyUK\nH5Kqhv0CgYEA1SkLNnS+Qtq2Vklma46wpvEFh+gsrjOq7DhDa+xHxjKKcU+G5319\nVq7kmh6+eSWiGdWJU+qR3rhBrWTfh4t/H7HCV8Kg4OXbXXVe7vEWBmn1j9j4A0In\neb201GS5lEkOBoye+tYf5D1Tjpfzka7e9+wHOPafdZYIqmK/pq+SFisCgYEA9eHz\nxyLJ/AleMZ+7Qvg1Oj8RqI/rHzv8afXTldtPn7SWW5FBlPUjVy27odqyMvq8RC8u\n/y8bj87/WmJzlOHnN1H/UPybuziWHR9QIfXyYanJIPYWYVJqvAaPeuIoLWjonTQp\nMtRw48KBBEqawuWXvRP8wlxX9L5YbQV41NgbLRsCgYAka/TsgxoXVkOdjsEfU6w/\neiNVy4gG4/Eql5p9kEvbQ7uADPSiDUEjVJLe+q3VCWcfPutOGWB/S8B9HiVLhbxc\n8ASi9jCC/QN0fp+P+EWpJuW8hHgsJluUY6PIPsWu3qS03cY0We3tE8V5MeF+XQDg\nH8ZEJ2+rqc0lP+Y7VviBLQKBgQCeo1Bv+28L8FNYevELrS5STRysf2Y4ObCKALOp\nbNy7cnzLyTTh0SMi/Pug2oO8Rm8vIq4UsCT9LJUtkHV36iQOWhX6/2/OZBzd3zUJ\nJDBkeHGulXctBUqd0zHBG6bGXXgu7Ndj1xKasAQja6rb8dtrfzjFgWSyIBjXBf/G\ne0NVXwKBgAwLvpas57JfDrLbRkRQW+/eM3sFCMTAe0pmRiNQpGsFHHvP9xwyTmzi\n2VJX0dP7yeWYv8qpj4uV+q5JkbX+uB/+LMAcaU0qvKiAUcX0vntUWzOvRl1JFCS0\nYnSm1Kl3EGFpAsJfOjqh5A1bE/tMvD3kLNI+YsoeN/QgBtvwbUll\n-----END RSA PRIVATE KEY-----\n",
            "content_base64": null,
            "content_base64sha256": "G5FdPnSP/Y19teDlgRwOtFkyJD+5IxDLQQgtAiS+zXs=",
            "content_base64sha512": "A3ciyNdsMs3bMvMooObCh3eE60pQUR/es+4phhKAXws4z/u0JIPzAKLxVSzSS+uM8zhmmLvJoKLKkJibgmv88A==",
            "content_md5": "aaa5f08325d3fa70dabd7eaef09cc7e5",
            "content_sha1": "4d30a10e2f88a33b1e62393249b472b929b6d288",
            "content_sha256": "1b915d3e748ffd8d7db5e0e5811c0eb45932243fb92310cb41082d0224becd7b",
            "content_sha512": "037722c8d76c32cddb32f328a0e6c2877784eb4a50511fdeb3ee298612805f0b38cffbb42483f300a2f1552cd24beb8cf3386698bbc9a0a2ca90989b826bfcf0",
            "directory_permission": "0777",
            "file_permission": "400",
            "filename": "lamp_key_pair.pem",
            "id": "4d30a10e2f88a33b1e62393249b472b929b6d288",
            "sensitive_content": null,
            "source": null
          },
          "sensitive_attributes": [
            [
              {
                "type": "get_attr",
                "value": "content"
              }
            ],
            [
              {
                "type": "get_attr",
                "value": "sensitive_content"
              }
            ]
          ],
          "dependencies": [
            "tls_private_key.lamp_key"
          ]
        }
      ]
    },
    {
      "mode": "managed",
      "type": "null_resource",
      "name": "name",
      "provider": "provider[\"registry.terraform.io/hashicorp/null\"]",
      "instances": [
        {
          "schema_version": 0,
          "attributes": {
            "id": "946569766587319634",
            "triggers": null
          },
          "sensitive_attributes": [],
          "dependencies": [
            "aws_instance.lamp_server",
            "aws_key_pair.lamp_key",
            "aws_security_group.lamp-sg",
            "aws_subnet.lamp-subnet",
            "aws_vpc.lamp-vpc",
            "data.aws_ami.amazon_linux_2",
            "local_file.ssh_key",
            "tls_private_key.lamp_key"
          ]
        }
      ]
    },
    {
      "mode": "managed",
      "type": "tls_private_key",
      "name": "lamp_key",
      "provider": "provider[\"registry.terraform.io/hashicorp/tls\"]",
      "instances": [
        {
          "schema_version": 1,
          "attributes": {
            "algorithm": "RSA",
            "ecdsa_curve": "P224",
            "id": "89946ef3d73caad4d3347eaabf41eb87b6967556",
            "private_key_openssh": "-----BEGIN OPENSSH PRIVATE KEY-----\nb3BlbnNzaC1rZXktdjEAAAAABG5vbmUAAAAEbm9uZQAAAAAAAAABAAABFwAAAAdz\nc2gtcnNhAAAAAwEAAQAAAQEAzLxryb4au+ypQrs/qiMcFR1IvNS3E1Dm15Q8TJlG\nRvBAlfjY3O/8U1vnK9QS3b3YRSh7+S1KACXsbVMjebAUYoQVVk+Z05IsWXFXkzX+\n/lZl5bEscupTylaEWdqQsm38wGYzU4M7yA0VJ1nXcXpw51mslc55fW0UXfw5uNv8\nzm3SOGsHb5a0l8A8ZN/fBxQKvbDxfq/O5e4VLzkcMuwAXaE9i0uL9/gZLD5ZBrXm\nyGhVzhpQHGO2UxWukc+FXDB7qvN8oyzZAI/KlT5EwX0AodYGTLfSMuBY3ljCIlZ9\njQSyTCFV0ENNRvI8vQgZfph1Cho0cD66pWTMB84p0NbliQAAA7jMEsPczBLD3AAA\nAAdzc2gtcnNhAAABAQDMvGvJvhq77KlCuz+qIxwVHUi81LcTUObXlDxMmUZG8ECV\n+Njc7/xTW+cr1BLdvdhFKHv5LUoAJextUyN5sBRihBVWT5nTkixZcVeTNf7+VmXl\nsSxy6lPKVoRZ2pCybfzAZjNTgzvIDRUnWddxenDnWayVznl9bRRd/Dm42/zObdI4\nawdvlrSXwDxk398HFAq9sPF+r87l7hUvORwy7ABdoT2LS4v3+BksPlkGtebIaFXO\nGlAcY7ZTFa6Rz4VcMHuq83yjLNkAj8qVPkTBfQCh1gZMt9Iy4FjeWMIiVn2NBLJM\nIVXQQ01G8jy9CBl+mHUKGjRwPrqlZMwHzinQ1uWJAAAAAwEAAQAAAQA905y9VLJg\nE8zdgQxtxaKCYdCIbbhHlgPQEEzRWOwXGhB2+aoLtlE9nyBFZQq5ec4ovFwL2Hhj\naRBnx1aMNfdB9N84rFsowBiyff7TTtgNWGv3HDTvEwJwtQXM2KsfpwVP2M0hKB1S\ngVjlBEWCWFZmFvd+WdboYJto8nU/9Pb4Izlbpyel3l/+/RhI0ht1aftUbp0S765p\nWF3v6quNxAPNS2Y6p891FfwrE/Vz/3cCLdhtMTEls4Qk8rfXqBBMJDFDaFGzoOXR\n5xODx7sB+nnjVvqTMyoOR0xkYM56pVrhgPI1dJwiHjIPUs7rUiB8D+sdYK6ov9Nq\nU7MlCh+Sqob9AAAAgAwLvpas57JfDrLbRkRQW+/eM3sFCMTAe0pmRiNQpGsFHHvP\n9xwyTmzi2VJX0dP7yeWYv8qpj4uV+q5JkbX+uB/+LMAcaU0qvKiAUcX0vntUWzOv\nRl1JFCS0YnSm1Kl3EGFpAsJfOjqh5A1bE/tMvD3kLNI+YsoeN/QgBtvwbUllAAAA\ngQDVKQs2dL5C2rZWSWZrjrCm8QWH6CyuM6rsOENr7EfGMopxT4bnfX1WruSaHr55\nJaIZ1YlT6pHeuEGtZN+Hi38fscJXwqDg5dtddV7u8RYGafWP2PgDQid5vbTUZLmU\nSQ4GjJ761h/kPVOOl/ORrt737Ac49p91lgiqYr+mr5IWKwAAAIEA9eHzxyLJ/Ale\nMZ+7Qvg1Oj8RqI/rHzv8afXTldtPn7SWW5FBlPUjVy27odqyMvq8RC8u/y8bj87/\nWmJzlOHnN1H/UPybuziWHR9QIfXyYanJIPYWYVJqvAaPeuIoLWjonTQpMtRw48KB\nBEqawuWXvRP8wlxX9L5YbQV41NgbLRsAAAAAAQID\n-----END OPENSSH PRIVATE KEY-----\n",
            "private_key_pem": "-----BEGIN RSA PRIVATE KEY-----\nMIIEowIBAAKCAQEAzLxryb4au+ypQrs/qiMcFR1IvNS3E1Dm15Q8TJlGRvBAlfjY\n3O/8U1vnK9QS3b3YRSh7+S1KACXsbVMjebAUYoQVVk+Z05IsWXFXkzX+/lZl5bEs\ncupTylaEWdqQsm38wGYzU4M7yA0VJ1nXcXpw51mslc55fW0UXfw5uNv8zm3SOGsH\nb5a0l8A8ZN/fBxQKvbDxfq/O5e4VLzkcMuwAXaE9i0uL9/gZLD5ZBrXmyGhVzhpQ\nHGO2UxWukc+FXDB7qvN8oyzZAI/KlT5EwX0AodYGTLfSMuBY3ljCIlZ9jQSyTCFV\n0ENNRvI8vQgZfph1Cho0cD66pWTMB84p0NbliQIDAQABAoIBAD3TnL1UsmATzN2B\nDG3FooJh0IhtuEeWA9AQTNFY7BcaEHb5qgu2UT2fIEVlCrl5zii8XAvYeGNpEGfH\nVow190H03zisWyjAGLJ9/tNO2A1Ya/ccNO8TAnC1BczYqx+nBU/YzSEoHVKBWOUE\nRYJYVmYW935Z1uhgm2jydT/09vgjOVunJ6XeX/79GEjSG3Vp+1RunRLvrmlYXe/q\nq43EA81LZjqnz3UV/CsT9XP/dwIt2G0xMSWzhCTyt9eoEEwkMUNoUbOg5dHnE4PH\nuwH6eeNW+pMzKg5HTGRgznqlWuGA8jV0nCIeMg9SzutSIHwP6x1grqi/02pTsyUK\nH5Kqhv0CgYEA1SkLNnS+Qtq2Vklma46wpvEFh+gsrjOq7DhDa+xHxjKKcU+G5319\nVq7kmh6+eSWiGdWJU+qR3rhBrWTfh4t/H7HCV8Kg4OXbXXVe7vEWBmn1j9j4A0In\neb201GS5lEkOBoye+tYf5D1Tjpfzka7e9+wHOPafdZYIqmK/pq+SFisCgYEA9eHz\nxyLJ/AleMZ+7Qvg1Oj8RqI/rHzv8afXTldtPn7SWW5FBlPUjVy27odqyMvq8RC8u\n/y8bj87/WmJzlOHnN1H/UPybuziWHR9QIfXyYanJIPYWYVJqvAaPeuIoLWjonTQp\nMtRw48KBBEqawuWXvRP8wlxX9L5YbQV41NgbLRsCgYAka/TsgxoXVkOdjsEfU6w/\neiNVy4gG4/Eql5p9kEvbQ7uADPSiDUEjVJLe+q3VCWcfPutOGWB/S8B9HiVLhbxc\n8ASi9jCC/QN0fp+P+EWpJuW8hHgsJluUY6PIPsWu3qS03cY0We3tE8V5MeF+XQDg\nH8ZEJ2+rqc0lP+Y7VviBLQKBgQCeo1Bv+28L8FNYevELrS5STRysf2Y4ObCKALOp\nbNy7cnzLyTTh0SMi/Pug2oO8Rm8vIq4UsCT9LJUtkHV36iQOWhX6/2/OZBzd3zUJ\nJDBkeHGulXctBUqd0zHBG6bGXXgu7Ndj1xKasAQja6rb8dtrfzjFgWSyIBjXBf/G\ne0NVXwKBgAwLvpas57JfDrLbRkRQW+/eM3sFCMTAe0pmRiNQpGsFHHvP9xwyTmzi\n2VJX0dP7yeWYv8qpj4uV+q5JkbX+uB/+LMAcaU0qvKiAUcX0vntUWzOvRl1JFCS0\nYnSm1Kl3EGFpAsJfOjqh5A1bE/tMvD3kLNI+YsoeN/QgBtvwbUll\n-----END RSA PRIVATE KEY-----\n",
            "private_key_pem_pkcs8": "-----BEGIN PRIVATE KEY-----\nMIIEvQIBADANBgkqhkiG9w0BAQEFAASCBKcwggSjAgEAAoIBAQDMvGvJvhq77KlC\nuz+qIxwVHUi81LcTUObXlDxMmUZG8ECV+Njc7/xTW+cr1BLdvdhFKHv5LUoAJext\nUyN5sBRihBVWT5nTkixZcVeTNf7+VmXlsSxy6lPKVoRZ2pCybfzAZjNTgzvIDRUn\nWddxenDnWayVznl9bRRd/Dm42/zObdI4awdvlrSXwDxk398HFAq9sPF+r87l7hUv\nORwy7ABdoT2LS4v3+BksPlkGtebIaFXOGlAcY7ZTFa6Rz4VcMHuq83yjLNkAj8qV\nPkTBfQCh1gZMt9Iy4FjeWMIiVn2NBLJMIVXQQ01G8jy9CBl+mHUKGjRwPrqlZMwH\nzinQ1uWJAgMBAAECggEAPdOcvVSyYBPM3YEMbcWigmHQiG24R5YD0BBM0VjsFxoQ\ndvmqC7ZRPZ8gRWUKuXnOKLxcC9h4Y2kQZ8dWjDX3QfTfOKxbKMAYsn3+007YDVhr\n9xw07xMCcLUFzNirH6cFT9jNISgdUoFY5QRFglhWZhb3flnW6GCbaPJ1P/T2+CM5\nW6cnpd5f/v0YSNIbdWn7VG6dEu+uaVhd7+qrjcQDzUtmOqfPdRX8KxP1c/93Ai3Y\nbTExJbOEJPK316gQTCQxQ2hRs6Dl0ecTg8e7Afp541b6kzMqDkdMZGDOeqVa4YDy\nNXScIh4yD1LO61IgfA/rHWCuqL/TalOzJQofkqqG/QKBgQDVKQs2dL5C2rZWSWZr\njrCm8QWH6CyuM6rsOENr7EfGMopxT4bnfX1WruSaHr55JaIZ1YlT6pHeuEGtZN+H\ni38fscJXwqDg5dtddV7u8RYGafWP2PgDQid5vbTUZLmUSQ4GjJ761h/kPVOOl/OR\nrt737Ac49p91lgiqYr+mr5IWKwKBgQD14fPHIsn8CV4xn7tC+DU6PxGoj+sfO/xp\n9dOV20+ftJZbkUGU9SNXLbuh2rIy+rxELy7/LxuPzv9aYnOU4ec3Uf9Q/Ju7OJYd\nH1Ah9fJhqckg9hZhUmq8Bo964igtaOidNCky1HDjwoEESprC5Ze9E/zCXFf0vlht\nBXjU2BstGwKBgCRr9OyDGhdWQ52OwR9TrD96I1XLiAbj8SqXmn2QS9tDu4AM9KIN\nQSNUkt76rdUJZx8+604ZYH9LwH0eJUuFvFzwBKL2MIL9A3R+n4/4Rakm5byEeCwm\nW5Rjo8g+xa7epLTdxjRZ7e0TxXkx4X5dAOAfxkQnb6upzSU/5jtW+IEtAoGBAJ6j\nUG/7bwvwU1h68QutLlJNHKx/Zjg5sIoAs6ls3LtyfMvJNOHRIyL8+6Dag7xGby8i\nrhSwJP0slS2QdXfqJA5aFfr/b85kHN3fNQkkMGR4ca6Vdy0FSp3TMcEbpsZdeC7s\n12PXEpqwBCNrqtvx22t/OMWBZLIgGNcF/8Z7Q1VfAoGADAu+lqznsl8OsttGRFBb\n794zewUIxMB7SmZGI1CkawUce8/3HDJObOLZUlfR0/vJ5Zi/yqmPi5X6rkmRtf64\nH/4swBxpTSq8qIBRxfS+e1RbM69GXUkUJLRidKbUqXcQYWkCwl86OqHkDVsT+0y8\nPeQs0j5iyh439CAG2/BtSWU=\n-----END PRIVATE KEY-----\n",
            "public_key_fingerprint_md5": "83:63:23:cf:9f:45:2b:31:c8:85:10:4b:1a:ea:81:1d",
            "public_key_fingerprint_sha256": "SHA256:gjhdP+sOWNntb0mbtTEb2qRIrlTsh+63PLSPqR4NnmE",
            "public_key_openssh": "ssh-rsa AAAAB3NzaC1yc2EAAAADAQABAAABAQDMvGvJvhq77KlCuz+qIxwVHUi81LcTUObXlDxMmUZG8ECV+Njc7/xTW+cr1BLdvdhFKHv5LUoAJextUyN5sBRihBVWT5nTkixZcVeTNf7+VmXlsSxy6lPKVoRZ2pCybfzAZjNTgzvIDRUnWddxenDnWayVznl9bRRd/Dm42/zObdI4awdvlrSXwDxk398HFAq9sPF+r87l7hUvORwy7ABdoT2LS4v3+BksPlkGtebIaFXOGlAcY7ZTFa6Rz4VcMHuq83yjLNkAj8qVPkTBfQCh1gZMt9Iy4FjeWMIiVn2NBLJMIVXQQ01G8jy9CBl+mHUKGjRwPrqlZMwHzinQ1uWJ\n",
            "public_key_pem": "-----BEGIN PUBLIC KEY-----\nMIIBIjANBgkqhkiG9w0BAQEFAAOCAQ8AMIIBCgKCAQEAzLxryb4au+ypQrs/qiMc\nFR1IvNS3E1Dm15Q8TJlGRvBAlfjY3O/8U1vnK9QS3b3YRSh7+S1KACXsbVMjebAU\nYoQVVk+Z05IsWXFXkzX+/lZl5bEscupTylaEWdqQsm38wGYzU4M7yA0VJ1nXcXpw\n51mslc55fW0UXfw5uNv8zm3SOGsHb5a0l8A8ZN/fBxQKvbDxfq/O5e4VLzkcMuwA\nXaE9i0uL9/gZLD5ZBrXmyGhVzhpQHGO2UxWukc+FXDB7qvN8oyzZAI/KlT5EwX0A\nodYGTLfSMuBY3ljCIlZ9jQSyTCFV0ENNRvI8vQgZfph1Cho0cD66pWTMB84p0Nbl\niQIDAQAB\n-----END PUBLIC KEY-----\n",
            "rsa_bits": 2048
          },
          "sensitive_attributes": [
            [
              {
                "type": "get_attr",
                "value": "private_key_pem"
              }
            ],
            [
              {
                "type": "get_attr",
                "value": "private_key_pem_pkcs8"
              }
            ],
            [
              {
                "type": "get_attr",
                "value": "private_key_openssh"
              }
            ]
          ]
        }
      ]
    }
  ],
  "check_results": null
}
